
Microsoft Visual Studio Solution File, Format Version 12.00
# Visual Studio Version 16
VisualStudioVersion = 16.0.30128.74
MinimumVisualStudioVersion = 10.0.40219.1
Project("{FAE04EC0-301F-11D3-BF4B-00C04F79EFBC}") = "RGB Fighters Launcher", "RGB Fighters Launcher\RGB Fighters Launcher.csproj", "{ED601BFF-BD08-49B0-8CC6-75988BF7120E}"
EndProject
Project("{FAE04EC0-301F-11D3-BF4B-00C04F79EFBC}") = "AutoUpdater", "AutoUpdater\AutoUpdater.csproj", "{911DA5E5-06F8-448C-AC7D-490251C425F0}"
EndProject
Global
	GlobalSection(SolutionConfigurationPlatforms) = preSolution
		Debug|Any CPU = Debug|Any CPU
		Debug|x64 = Debug|x64
		Debug|x86 = Debug|x86
		Release|Any CPU = Release|Any CPU
		Release|x64 = Release|x64
		Release|x86 = Release|x86
	EndGlobalSection
	GlobalSection(ProjectConfigurationPlatforms) = postSolution
		{ED601BFF-BD08-49B0-8CC6-75988BF7120E}.Debug|Any CPU.ActiveCfg = Debug|Any CPU
		{ED601BFF-BD08-49B0-8CC6-75988BF7120E}.Debug|Any CPU.Build.0 = Debug|Any CPU
		{ED601BFF-BD08-49B0-8CC6-75988BF7120E}.Debug|x64.ActiveCfg = Debug|Any CPU
		{ED601BFF-BD08-49B0-8CC6-75988BF7120E}.Debug|x64.Build.0 = Debug|Any CPU
		{ED601BFF-BD08-49B0-8CC6-75988BF7120E}.Debug|x86.ActiveCfg = Debug|Any CPU
		{ED601BFF-BD08-49B0-8CC6-75988BF7120E}.Debug|x86.Build.0 = Debug|Any CPU
		{ED601BFF-BD08-49B0-8CC6-75988BF7120E}.Release|Any CPU.ActiveCfg = Release|Any CPU
		{ED601BFF-BD08-49B0-8CC6-75988BF7120E}.Release|Any CPU.Build.0 = Release|Any CPU
		{ED601BFF-BD08-49B0-8CC6-75988BF7120E}.Release|x64.ActiveCfg = Release|Any CPU
		{ED601BFF-BD08-49B0-8CC6-75988BF7120E}.Release|x64.Build.0 = Release|Any CPU
		{ED601BFF-BD08-49B0-8CC6-75988BF7120E}.Release|x86.ActiveCfg = Release|Any CPU
		{ED601BFF-BD08-49B0-8CC6-75988BF7120E}.Release|x86.Build.0 = Release|Any CPU
		{911DA5E5-06F8-448C-AC7D-490251C425F0}.Debug|Any CPU.ActiveCfg = Debug|Any CPU
		{911DA5E5-06F8-448C-AC7D-490251C425F0}.Debug|Any CPU.Build.0 = Debug|Any CPU
		{911DA5E5-06F8-448C-AC7D-490251C425F0}.Debug|x64.ActiveCfg = Debug|Any CPU
		{911DA5E5-06F8-448C-AC7D-490251C425F0}.Debug|x64.Build.0 = Debug|Any CPU
		{911DA5E5-06F8-448C-AC7D-490251C425F0}.Debug|x86.ActiveCfg = Debug|Any CPU
		{911DA5E5-06F8-448C-AC7D-490251C425F0}.Debug|x86.Build.0 = Debug|Any CPU
		{911DA5E5-06F8-448C-AC7D-490251C425F0}.Release|Any CPU.ActiveCfg = Release|Any CPU
		{911DA5E5-06F8-448C-AC7D-490251C425F0}.Release|Any CPU.Build.0 = Release|Any CPU
		{911DA5E5-06F8-448C-AC7D-490251C425F0}.Release|x64.ActiveCfg = Release|Any CPU
		{911DA5E5-06F8-448C-AC7D-490251C425F0}.Release|x64.Build.0 = Release|Any CPU
		{911DA5E5-06F8-448C-AC7D-490251C425F0}.Release|x86.ActiveCfg = Release|Any CPU
		{911DA5E5-06F8-448C-AC7D-490251C425F0}.Release|x86.Build.0 = Release|Any CPU
	EndGlobalSection
	GlobalSection(SolutionProperties) = preSolution
		HideSolutionNode = FALSE
	EndGlobalSection
	GlobalSection(ExtensibilityGlobals) = postSolution
		SolutionGuid = {1718A6F4-C756-4DCE-9ACA-B7777413108C}
	EndGlobalSection
EndGlobal
